
Microsoft Visual Studio Solution File, Format Version 12.00
# Visual Studio Version 17
VisualStudioVersion = 17.6.33717.318
MinimumVisualStudioVersion = 10.0.40219.1
Project("{8BC9CEB8-8B4A-11D0-8D11-00A0C91BC942}") = "step1", "step1\step1.vcxproj", "{412792A1-B31F-4907-BFC6-753A904D2F0B}"
EndProject
Project("{8BC9CEB8-8B4A-11D0-8D11-00A0C91BC942}") = "step2", "step2\step2.vcxproj", "{10754D7C-38CD-4D05-BD9F-B779CB961BD8}"
EndProject
Project("{8BC9CEB8-8B4A-11D0-8D11-00A0C91BC942}") = "step3", "step3\step3.vcxproj", "{C2DDB567-4CE8-43AA-97D3-ABCB04730821}"
EndProject
Project("{8BC9CEB8-8B4A-11D0-8D11-00A0C91BC942}") = "step4", "step4\step4.vcxproj", "{0814EED0-5068-4AD2-82D7-4B696DA952FC}"
EndProject
Project("{8BC9CEB8-8B4A-11D0-8D11-00A0C91BC942}") = "step5", "step5\step5.vcxproj", "{401E5907-EEB9-40FC-9AF1-41304E73B0FD}"
EndProject
Project("{8BC9CEB8-8B4A-11D0-8D11-00A0C91BC942}") = "step6", "step6\step6.vcxproj", "{5A7CB8EA-EB93-4F36-8781-66A6107E14BC}"
EndProject
Project("{8BC9CEB8-8B4A-11D0-8D11-00A0C91BC942}") = "step7", "step7\step7.vcxproj", "{11A656C4-A84F-4F2F-B325-F44F776CA48F}"
EndProject
Project("{8BC9CEB8-8B4A-11D0-8D11-00A0C91BC942}") = "step8", "step8\step8.vcxproj", "{D3527089-1C54-4382-BC33-84BDA7F89E8F}"
EndProject
Project("{8BC9CEB8-8B4A-11D0-8D11-00A0C91BC942}") = "step9", "step9\step9.vcxproj", "{737C6E05-110A-4CA9-BD18-B15EAD05D0C8}"
EndProject
Project("{8BC9CEB8-8B4A-11D0-8D11-00A0C91BC942}") = "step10", "step10\step10.vcxproj", "{1E1F428D-9A27-42D9-84CB-ED357C1514B8}"
EndProject
Project("{8BC9CEB8-8B4A-11D0-8D11-00A0C91BC942}") = "step11", "step11\step11.vcxproj", "{9C94748B-F0C2-4E43-B932-065008CF4603}"
EndProject
Project("{8BC9CEB8-8B4A-11D0-8D11-00A0C91BC942}") = "step12", "step12\step12.vcxproj", "{55956D17-554E-4955-B9E6-739642D7C735}"
EndProject
Project("{8BC9CEB8-8B4A-11D0-8D11-00A0C91BC942}") = "step13", "step13\step13.vcxproj", "{ECC48453-D0F3-473A-82EC-8311F7B05524}"
EndProject
Project("{8BC9CEB8-8B4A-11D0-8D11-00A0C91BC942}") = "step14", "step14\step14.vcxproj", "{82FCF806-34B9-4725-A86A-2AFCDF8C1ECE}"
EndProject
Project("{8BC9CEB8-8B4A-11D0-8D11-00A0C91BC942}") = "step15", "step15\step15.vcxproj", "{9350DB9F-6D73-4287-834C-B896CB8C7C86}"
EndProject
Project("{8BC9CEB8-8B4A-11D0-8D11-00A0C91BC942}") = "setp16", "setp16\setp16.vcxproj", "{6281B74E-14A2-47B8-AC90-FDB09DF2FE0B}"
EndProject
Project("{8BC9CEB8-8B4A-11D0-8D11-00A0C91BC942}") = "step17", "step17\step17.vcxproj", "{AEC8070F-4E36-40A7-B232-0D620674D336}"
EndProject
Project("{8BC9CEB8-8B4A-11D0-8D11-00A0C91BC942}") = "step18", "step18\step18.vcxproj", "{94554ABF-28CA-4D74-A797-14F4BB897EDB}"
EndProject
Project("{8BC9CEB8-8B4A-11D0-8D11-00A0C91BC942}") = "step19", "step19\step19.vcxproj", "{E5B30073-2CB8-4EB9-8BC3-4C2F0FF7D340}"
EndProject
Project("{8BC9CEB8-8B4A-11D0-8D11-00A0C91BC942}") = "step20", "step20\step20.vcxproj", "{82D807FE-E5BF-42CC-845E-E1702AE9FE9E}"
EndProject
Project("{8BC9CEB8-8B4A-11D0-8D11-00A0C91BC942}") = "step21", "step21\step21.vcxproj", "{2F8394A5-33D3-4271-97D1-E30563EE43EE}"
EndProject
Project("{8BC9CEB8-8B4A-11D0-8D11-00A0C91BC942}") = "step22", "step22\step22.vcxproj", "{597A9D72-17BC-4DD8-BDCC-6EB597745DD8}"
EndProject
Project("{8BC9CEB8-8B4A-11D0-8D11-00A0C91BC942}") = "step23", "step23\step23.vcxproj", "{404519B8-6941-4A45-B867-DA8A0E898212}"
EndProject
Project("{8BC9CEB8-8B4A-11D0-8D11-00A0C91BC942}") = "step24", "step24\step24.vcxproj", "{FC2A23C9-4277-44E5-8C5C-F2EB7DF063B4}"
EndProject
Project("{8BC9CEB8-8B4A-11D0-8D11-00A0C91BC942}") = "step25", "step25\step25.vcxproj", "{697EABDC-DE78-4627-B131-77A8C6C3599B}"
EndProject
Project("{8BC9CEB8-8B4A-11D0-8D11-00A0C91BC942}") = "step26", "step26\step26.vcxproj", "{FEAC04FA-4CBD-40DF-92B7-286AA126F13C}"
EndProject
Project("{8BC9CEB8-8B4A-11D0-8D11-00A0C91BC942}") = "step27", "step27\step27.vcxproj", "{6D82ECC1-4474-4C47-B440-9CF276C9AE2D}"
EndProject
Project("{8BC9CEB8-8B4A-11D0-8D11-00A0C91BC942}") = "step28", "step28\step28.vcxproj", "{EB7375DF-3310-4379-A5A3-A7D38F7695AC}"
EndProject
Project("{8BC9CEB8-8B4A-11D0-8D11-00A0C91BC942}") = "step29", "step29\step29.vcxproj", "{C979E2EE-A43F-4E2A-BE8A-29E19FF67EF9}"
EndProject
Project("{8BC9CEB8-8B4A-11D0-8D11-00A0C91BC942}") = "step30", "step30\step30.vcxproj", "{99D44206-CBCA-426D-BFB1-52C5F5941EC5}"
EndProject
Project("{8BC9CEB8-8B4A-11D0-8D11-00A0C91BC942}") = "step31", "step31\step31.vcxproj", "{84FE5539-ADDB-4EA2-B0F9-A4AB77CC240E}"
EndProject
Global
	GlobalSection(SolutionConfigurationPlatforms) = preSolution
		Debug|x64 = Debug|x64
		Debug|x86 = Debug|x86
		Release|x64 = Release|x64
		Release|x86 = Release|x86
	EndGlobalSection
	GlobalSection(ProjectConfigurationPlatforms) = postSolution
		{412792A1-B31F-4907-BFC6-753A904D2F0B}.Debug|x64.ActiveCfg = Debug|x64
		{412792A1-B31F-4907-BFC6-753A904D2F0B}.Debug|x64.Build.0 = Debug|x64
		{412792A1-B31F-4907-BFC6-753A904D2F0B}.Debug|x86.ActiveCfg = Debug|Win32
		{412792A1-B31F-4907-BFC6-753A904D2F0B}.Debug|x86.Build.0 = Debug|Win32
		{412792A1-B31F-4907-BFC6-753A904D2F0B}.Release|x64.ActiveCfg = Release|x64
		{412792A1-B31F-4907-BFC6-753A904D2F0B}.Release|x64.Build.0 = Release|x64
		{412792A1-B31F-4907-BFC6-753A904D2F0B}.Release|x86.ActiveCfg = Release|Win32
		{412792A1-B31F-4907-BFC6-753A904D2F0B}.Release|x86.Build.0 = Release|Win32
		{10754D7C-38CD-4D05-BD9F-B779CB961BD8}.Debug|x64.ActiveCfg = Debug|x64
		{10754D7C-38CD-4D05-BD9F-B779CB961BD8}.Debug|x64.Build.0 = Debug|x64
		{10754D7C-38CD-4D05-BD9F-B779CB961BD8}.Debug|x86.ActiveCfg = Debug|Win32
		{10754D7C-38CD-4D05-BD9F-B779CB961BD8}.Debug|x86.Build.0 = Debug|Win32
		{10754D7C-38CD-4D05-BD9F-B779CB961BD8}.Release|x64.ActiveCfg = Release|x64
		{10754D7C-38CD-4D05-BD9F-B779CB961BD8}.Release|x64.Build.0 = Release|x64
		{10754D7C-38CD-4D05-BD9F-B779CB961BD8}.Release|x86.ActiveCfg = Release|Win32
		{10754D7C-38CD-4D05-BD9F-B779CB961BD8}.Release|x86.Build.0 = Release|Win32
		{C2DDB567-4CE8-43AA-97D3-ABCB04730821}.Debug|x64.ActiveCfg = Debug|x64
		{C2DDB567-4CE8-43AA-97D3-ABCB04730821}.Debug|x64.Build.0 = Debug|x64
		{C2DDB567-4CE8-43AA-97D3-ABCB04730821}.Debug|x86.ActiveCfg = Debug|Win32
		{C2DDB567-4CE8-43AA-97D3-ABCB04730821}.Debug|x86.Build.0 = Debug|Win32
		{C2DDB567-4CE8-43AA-97D3-ABCB04730821}.Release|x64.ActiveCfg = Release|x64
		{C2DDB567-4CE8-43AA-97D3-ABCB04730821}.Release|x64.Build.0 = Release|x64
		{C2DDB567-4CE8-43AA-97D3-ABCB04730821}.Release|x86.ActiveCfg = Release|Win32
		{C2DDB567-4CE8-43AA-97D3-ABCB04730821}.Release|x86.Build.0 = Release|Win32
		{0814EED0-5068-4AD2-82D7-4B696DA952FC}.Debug|x64.ActiveCfg = Debug|x64
		{0814EED0-5068-4AD2-82D7-4B696DA952FC}.Debug|x64.Build.0 = Debug|x64
		{0814EED0-5068-4AD2-82D7-4B696DA952FC}.Debug|x86.ActiveCfg = Debug|Win32
		{0814EED0-5068-4AD2-82D7-4B696DA952FC}.Debug|x86.Build.0 = Debug|Win32
		{0814EED0-5068-4AD2-82D7-4B696DA952FC}.Release|x64.ActiveCfg = Release|x64
		{0814EED0-5068-4AD2-82D7-4B696DA952FC}.Release|x64.Build.0 = Release|x64
		{0814EED0-5068-4AD2-82D7-4B696DA952FC}.Release|x86.ActiveCfg = Release|Win32
		{0814EED0-5068-4AD2-82D7-4B696DA952FC}.Release|x86.Build.0 = Release|Win32
		{401E5907-EEB9-40FC-9AF1-41304E73B0FD}.Debug|x64.ActiveCfg = Debug|x64
		{401E5907-EEB9-40FC-9AF1-41304E73B0FD}.Debug|x64.Build.0 = Debug|x64
		{401E5907-EEB9-40FC-9AF1-41304E73B0FD}.Debug|x86.ActiveCfg = Debug|Win32
		{401E5907-EEB9-40FC-9AF1-41304E73B0FD}.Debug|x86.Build.0 = Debug|Win32
		{401E5907-EEB9-40FC-9AF1-41304E73B0FD}.Release|x64.ActiveCfg = Release|x64
		{401E5907-EEB9-40FC-9AF1-41304E73B0FD}.Release|x64.Build.0 = Release|x64
		{401E5907-EEB9-40FC-9AF1-41304E73B0FD}.Release|x86.ActiveCfg = Release|Win32
		{401E5907-EEB9-40FC-9AF1-41304E73B0FD}.Release|x86.Build.0 = Release|Win32
		{5A7CB8EA-EB93-4F36-8781-66A6107E14BC}.Debug|x64.ActiveCfg = Debug|x64
		{5A7CB8EA-EB93-4F36-8781-66A6107E14BC}.Debug|x64.Build.0 = Debug|x64
		{5A7CB8EA-EB93-4F36-8781-66A6107E14BC}.Debug|x86.ActiveCfg = Debug|Win32
		{5A7CB8EA-EB93-4F36-8781-66A6107E14BC}.Debug|x86.Build.0 = Debug|Win32
		{5A7CB8EA-EB93-4F36-8781-66A6107E14BC}.Release|x64.ActiveCfg = Release|x64
		{5A7CB8EA-EB93-4F36-8781-66A6107E14BC}.Release|x64.Build.0 = Release|x64
		{5A7CB8EA-EB93-4F36-8781-66A6107E14BC}.Release|x86.ActiveCfg = Release|Win32
		{5A7CB8EA-EB93-4F36-8781-66A6107E14BC}.Release|x86.Build.0 = Release|Win32
		{11A656C4-A84F-4F2F-B325-F44F776CA48F}.Debug|x64.ActiveCfg = Debug|x64
		{11A656C4-A84F-4F2F-B325-F44F776CA48F}.Debug|x64.Build.0 = Debug|x64
		{11A656C4-A84F-4F2F-B325-F44F776CA48F}.Debug|x86.ActiveCfg = Debug|Win32
		{11A656C4-A84F-4F2F-B325-F44F776CA48F}.Debug|x86.Build.0 = Debug|Win32
		{11A656C4-A84F-4F2F-B325-F44F776CA48F}.Release|x64.ActiveCfg = Release|x64
		{11A656C4-A84F-4F2F-B325-F44F776CA48F}.Release|x64.Build.0 = Release|x64
		{11A656C4-A84F-4F2F-B325-F44F776CA48F}.Release|x86.ActiveCfg = Release|Win32
		{11A656C4-A84F-4F2F-B325-F44F776CA48F}.Release|x86.Build.0 = Release|Win32
		{D3527089-1C54-4382-BC33-84BDA7F89E8F}.Debug|x64.ActiveCfg = Debug|x64
		{D3527089-1C54-4382-BC33-84BDA7F89E8F}.Debug|x64.Build.0 = Debug|x64
		{D3527089-1C54-4382-BC33-84BDA7F89E8F}.Debug|x86.ActiveCfg = Debug|Win32
		{D3527089-1C54-4382-BC33-84BDA7F89E8F}.Debug|x86.Build.0 = Debug|Win32
		{D3527089-1C54-4382-BC33-84BDA7F89E8F}.Release|x64.ActiveCfg = Release|x64
		{D3527089-1C54-4382-BC33-84BDA7F89E8F}.Release|x64.Build.0 = Release|x64
		{D3527089-1C54-4382-BC33-84BDA7F89E8F}.Release|x86.ActiveCfg = Release|Win32
		{D3527089-1C54-4382-BC33-84BDA7F89E8F}.Release|x86.Build.0 = Release|Win32
		{737C6E05-110A-4CA9-BD18-B15EAD05D0C8}.Debug|x64.ActiveCfg = Debug|x64
		{737C6E05-110A-4CA9-BD18-B15EAD05D0C8}.Debug|x64.Build.0 = Debug|x64
		{737C6E05-110A-4CA9-BD18-B15EAD05D0C8}.Debug|x86.ActiveCfg = Debug|Win32
		{737C6E05-110A-4CA9-BD18-B15EAD05D0C8}.Debug|x86.Build.0 = Debug|Win32
		{737C6E05-110A-4CA9-BD18-B15EAD05D0C8}.Release|x64.ActiveCfg = Release|x64
		{737C6E05-110A-4CA9-BD18-B15EAD05D0C8}.Release|x64.Build.0 = Release|x64
		{737C6E05-110A-4CA9-BD18-B15EAD05D0C8}.Release|x86.ActiveCfg = Release|Win32
		{737C6E05-110A-4CA9-BD18-B15EAD05D0C8}.Release|x86.Build.0 = Release|Win32
		{1E1F428D-9A27-42D9-84CB-ED357C1514B8}.Debug|x64.ActiveCfg = Debug|x64
		{1E1F428D-9A27-42D9-84CB-ED357C1514B8}.Debug|x64.Build.0 = Debug|x64
		{1E1F428D-9A27-42D9-84CB-ED357C1514B8}.Debug|x86.ActiveCfg = Debug|Win32
		{1E1F428D-9A27-42D9-84CB-ED357C1514B8}.Debug|x86.Build.0 = Debug|Win32
		{1E1F428D-9A27-42D9-84CB-ED357C1514B8}.Release|x64.ActiveCfg = Release|x64
		{1E1F428D-9A27-42D9-84CB-ED357C1514B8}.Release|x64.Build.0 = Release|x64
		{1E1F428D-9A27-42D9-84CB-ED357C1514B8}.Release|x86.ActiveCfg = Release|Win32
		{1E1F428D-9A27-42D9-84CB-ED357C1514B8}.Release|x86.Build.0 = Release|Win32
		{9C94748B-F0C2-4E43-B932-065008CF4603}.Debug|x64.ActiveCfg = Debug|x64
		{9C94748B-F0C2-4E43-B932-065008CF4603}.Debug|x64.Build.0 = Debug|x64
		{9C94748B-F0C2-4E43-B932-065008CF4603}.Debug|x86.ActiveCfg = Debug|Win32
		{9C94748B-F0C2-4E43-B932-065008CF4603}.Debug|x86.Build.0 = Debug|Win32
		{9C94748B-F0C2-4E43-B932-065008CF4603}.Release|x64.ActiveCfg = Release|x64
		{9C94748B-F0C2-4E43-B932-065008CF4603}.Release|x64.Build.0 = Release|x64
		{9C94748B-F0C2-4E43-B932-065008CF4603}.Release|x86.ActiveCfg = Release|Win32
		{9C94748B-F0C2-4E43-B932-065008CF4603}.Release|x86.Build.0 = Release|Win32
		{55956D17-554E-4955-B9E6-739642D7C735}.Debug|x64.ActiveCfg = Debug|x64
		{55956D17-554E-4955-B9E6-739642D7C735}.Debug|x64.Build.0 = Debug|x64
		{55956D17-554E-4955-B9E6-739642D7C735}.Debug|x86.ActiveCfg = Debug|Win32
		{55956D17-554E-4955-B9E6-739642D7C735}.Debug|x86.Build.0 = Debug|Win32
		{55956D17-554E-4955-B9E6-739642D7C735}.Release|x64.ActiveCfg = Release|x64
		{55956D17-554E-4955-B9E6-739642D7C735}.Release|x64.Build.0 = Release|x64
		{55956D17-554E-4955-B9E6-739642D7C735}.Release|x86.ActiveCfg = Release|Win32
		{55956D17-554E-4955-B9E6-739642D7C735}.Release|x86.Build.0 = Release|Win32
		{ECC48453-D0F3-473A-82EC-8311F7B05524}.Debug|x64.ActiveCfg = Debug|x64
		{ECC48453-D0F3-473A-82EC-8311F7B05524}.Debug|x64.Build.0 = Debug|x64
		{ECC48453-D0F3-473A-82EC-8311F7B05524}.Debug|x86.ActiveCfg = Debug|Win32
		{ECC48453-D0F3-473A-82EC-8311F7B05524}.Debug|x86.Build.0 = Debug|Win32
		{ECC48453-D0F3-473A-82EC-8311F7B05524}.Release|x64.ActiveCfg = Release|x64
		{ECC48453-D0F3-473A-82EC-8311F7B05524}.Release|x64.Build.0 = Release|x64
		{ECC48453-D0F3-473A-82EC-8311F7B05524}.Release|x86.ActiveCfg = Release|Win32
		{ECC48453-D0F3-473A-82EC-8311F7B05524}.Release|x86.Build.0 = Release|Win32
		{82FCF806-34B9-4725-A86A-2AFCDF8C1ECE}.Debug|x64.ActiveCfg = Debug|x64
		{82FCF806-34B9-4725-A86A-2AFCDF8C1ECE}.Debug|x64.Build.0 = Debug|x64
		{82FCF806-34B9-4725-A86A-2AFCDF8C1ECE}.Debug|x86.ActiveCfg = Debug|Win32
		{82FCF806-34B9-4725-A86A-2AFCDF8C1ECE}.Debug|x86.Build.0 = Debug|Win32
		{82FCF806-34B9-4725-A86A-2AFCDF8C1ECE}.Release|x64.ActiveCfg = Release|x64
		{82FCF806-34B9-4725-A86A-2AFCDF8C1ECE}.Release|x64.Build.0 = Release|x64
		{82FCF806-34B9-4725-A86A-2AFCDF8C1ECE}.Release|x86.ActiveCfg = Release|Win32
		{82FCF806-34B9-4725-A86A-2AFCDF8C1ECE}.Release|x86.Build.0 = Release|Win32
		{9350DB9F-6D73-4287-834C-B896CB8C7C86}.Debug|x64.ActiveCfg = Debug|x64
		{9350DB9F-6D73-4287-834C-B896CB8C7C86}.Debug|x64.Build.0 = Debug|x64
		{9350DB9F-6D73-4287-834C-B896CB8C7C86}.Debug|x86.ActiveCfg = Debug|Win32
		{9350DB9F-6D73-4287-834C-B896CB8C7C86}.Debug|x86.Build.0 = Debug|Win32
		{9350DB9F-6D73-4287-834C-B896CB8C7C86}.Release|x64.ActiveCfg = Release|x64
		{9350DB9F-6D73-4287-834C-B896CB8C7C86}.Release|x64.Build.0 = Release|x64
		{9350DB9F-6D73-4287-834C-B896CB8C7C86}.Release|x86.ActiveCfg = Release|Win32
		{9350DB9F-6D73-4287-834C-B896CB8C7C86}.Release|x86.Build.0 = Release|Win32
		{6281B74E-14A2-47B8-AC90-FDB09DF2FE0B}.Debug|x64.ActiveCfg = Debug|x64
		{6281B74E-14A2-47B8-AC90-FDB09DF2FE0B}.Debug|x64.Build.0 = Debug|x64
		{6281B74E-14A2-47B8-AC90-FDB09DF2FE0B}.Debug|x86.ActiveCfg = Debug|Win32
		{6281B74E-14A2-47B8-AC90-FDB09DF2FE0B}.Debug|x86.Build.0 = Debug|Win32
		{6281B74E-14A2-47B8-AC90-FDB09DF2FE0B}.Release|x64.ActiveCfg = Release|x64
		{6281B74E-14A2-47B8-AC90-FDB09DF2FE0B}.Release|x64.Build.0 = Release|x64
		{6281B74E-14A2-47B8-AC90-FDB09DF2FE0B}.Release|x86.ActiveCfg = Release|Win32
		{6281B74E-14A2-47B8-AC90-FDB09DF2FE0B}.Release|x86.Build.0 = Release|Win32
		{AEC8070F-4E36-40A7-B232-0D620674D336}.Debug|x64.ActiveCfg = Debug|x64
		{AEC8070F-4E36-40A7-B232-0D620674D336}.Debug|x64.Build.0 = Debug|x64
		{AEC8070F-4E36-40A7-B232-0D620674D336}.Debug|x86.ActiveCfg = Debug|Win32
		{AEC8070F-4E36-40A7-B232-0D620674D336}.Debug|x86.Build.0 = Debug|Win32
		{AEC8070F-4E36-40A7-B232-0D620674D336}.Release|x64.ActiveCfg = Release|x64
		{AEC8070F-4E36-40A7-B232-0D620674D336}.Release|x64.Build.0 = Release|x64
		{AEC8070F-4E36-40A7-B232-0D620674D336}.Release|x86.ActiveCfg = Release|Win32
		{AEC8070F-4E36-40A7-B232-0D620674D336}.Release|x86.Build.0 = Release|Win32
		{94554ABF-28CA-4D74-A797-14F4BB897EDB}.Debug|x64.ActiveCfg = Debug|x64
		{94554ABF-28CA-4D74-A797-14F4BB897EDB}.Debug|x64.Build.0 = Debug|x64
		{94554ABF-28CA-4D74-A797-14F4BB897EDB}.Debug|x86.ActiveCfg = Debug|Win32
		{94554ABF-28CA-4D74-A797-14F4BB897EDB}.Debug|x86.Build.0 = Debug|Win32
		{94554ABF-28CA-4D74-A797-14F4BB897EDB}.Release|x64.ActiveCfg = Release|x64
		{94554ABF-28CA-4D74-A797-14F4BB897EDB}.Release|x64.Build.0 = Release|x64
		{94554ABF-28CA-4D74-A797-14F4BB897EDB}.Release|x86.ActiveCfg = Release|Win32
		{94554ABF-28CA-4D74-A797-14F4BB897EDB}.Release|x86.Build.0 = Release|Win32
		{E5B30073-2CB8-4EB9-8BC3-4C2F0FF7D340}.Debug|x64.ActiveCfg = Debug|x64
		{E5B30073-2CB8-4EB9-8BC3-4C2F0FF7D340}.Debug|x64.Build.0 = Debug|x64
		{E5B30073-2CB8-4EB9-8BC3-4C2F0FF7D340}.Debug|x86.ActiveCfg = Debug|Win32
		{E5B30073-2CB8-4EB9-8BC3-4C2F0FF7D340}.Debug|x86.Build.0 = Debug|Win32
		{E5B30073-2CB8-4EB9-8BC3-4C2F0FF7D340}.Release|x64.ActiveCfg = Release|x64
		{E5B30073-2CB8-4EB9-8BC3-4C2F0FF7D340}.Release|x64.Build.0 = Release|x64
		{E5B30073-2CB8-4EB9-8BC3-4C2F0FF7D340}.Release|x86.ActiveCfg = Release|Win32
		{E5B30073-2CB8-4EB9-8BC3-4C2F0FF7D340}.Release|x86.Build.0 = Release|Win32
		{82D807FE-E5BF-42CC-845E-E1702AE9FE9E}.Debug|x64.ActiveCfg = Debug|x64
		{82D807FE-E5BF-42CC-845E-E1702AE9FE9E}.Debug|x64.Build.0 = Debug|x64
		{82D807FE-E5BF-42CC-845E-E1702AE9FE9E}.Debug|x86.ActiveCfg = Debug|Win32
		{82D807FE-E5BF-42CC-845E-E1702AE9FE9E}.Debug|x86.Build.0 = Debug|Win32
		{82D807FE-E5BF-42CC-845E-E1702AE9FE9E}.Release|x64.ActiveCfg = Release|x64
		{82D807FE-E5BF-42CC-845E-E1702AE9FE9E}.Release|x64.Build.0 = Release|x64
		{82D807FE-E5BF-42CC-845E-E1702AE9FE9E}.Release|x86.ActiveCfg = Release|Win32
		{82D807FE-E5BF-42CC-845E-E1702AE9FE9E}.Release|x86.Build.0 = Release|Win32
		{2F8394A5-33D3-4271-97D1-E30563EE43EE}.Debug|x64.ActiveCfg = Debug|x64
		{2F8394A5-33D3-4271-97D1-E30563EE43EE}.Debug|x64.Build.0 = Debug|x64
		{2F8394A5-33D3-4271-97D1-E30563EE43EE}.Debug|x86.ActiveCfg = Debug|Win32
		{2F8394A5-33D3-4271-97D1-E30563EE43EE}.Debug|x86.Build.0 = Debug|Win32
		{2F8394A5-33D3-4271-97D1-E30563EE43EE}.Release|x64.ActiveCfg = Release|x64
		{2F8394A5-33D3-4271-97D1-E30563EE43EE}.Release|x64.Build.0 = Release|x64
		{2F8394A5-33D3-4271-97D1-E30563EE43EE}.Release|x86.ActiveCfg = Release|Win32
		{2F8394A5-33D3-4271-97D1-E30563EE43EE}.Release|x86.Build.0 = Release|Win32
		{597A9D72-17BC-4DD8-BDCC-6EB597745DD8}.Debug|x64.ActiveCfg = Debug|x64
		{597A9D72-17BC-4DD8-BDCC-6EB597745DD8}.Debug|x64.Build.0 = Debug|x64
		{597A9D72-17BC-4DD8-BDCC-6EB597745DD8}.Debug|x86.ActiveCfg = Debug|Win32
		{597A9D72-17BC-4DD8-BDCC-6EB597745DD8}.Debug|x86.Build.0 = Debug|Win32
		{597A9D72-17BC-4DD8-BDCC-6EB597745DD8}.Release|x64.ActiveCfg = Release|x64
		{597A9D72-17BC-4DD8-BDCC-6EB597745DD8}.Release|x64.Build.0 = Release|x64
		{597A9D72-17BC-4DD8-BDCC-6EB597745DD8}.Release|x86.ActiveCfg = Release|Win32
		{597A9D72-17BC-4DD8-BDCC-6EB597745DD8}.Release|x86.Build.0 = Release|Win32
		{404519B8-6941-4A45-B867-DA8A0E898212}.Debug|x64.ActiveCfg = Debug|x64
		{404519B8-6941-4A45-B867-DA8A0E898212}.Debug|x64.Build.0 = Debug|x64
		{404519B8-6941-4A45-B867-DA8A0E898212}.Debug|x86.ActiveCfg = Debug|Win32
		{404519B8-6941-4A45-B867-DA8A0E898212}.Debug|x86.Build.0 = Debug|Win32
		{404519B8-6941-4A45-B867-DA8A0E898212}.Release|x64.ActiveCfg = Release|x64
		{404519B8-6941-4A45-B867-DA8A0E898212}.Release|x64.Build.0 = Release|x64
		{404519B8-6941-4A45-B867-DA8A0E898212}.Release|x86.ActiveCfg = Release|Win32
		{404519B8-6941-4A45-B867-DA8A0E898212}.Release|x86.Build.0 = Release|Win32
		{FC2A23C9-4277-44E5-8C5C-F2EB7DF063B4}.Debug|x64.ActiveCfg = Debug|x64
		{FC2A23C9-4277-44E5-8C5C-F2EB7DF063B4}.Debug|x64.Build.0 = Debug|x64
		{FC2A23C9-4277-44E5-8C5C-F2EB7DF063B4}.Debug|x86.ActiveCfg = Debug|Win32
		{FC2A23C9-4277-44E5-8C5C-F2EB7DF063B4}.Debug|x86.Build.0 = Debug|Win32
		{FC2A23C9-4277-44E5-8C5C-F2EB7DF063B4}.Release|x64.ActiveCfg = Release|x64
		{FC2A23C9-4277-44E5-8C5C-F2EB7DF063B4}.Release|x64.Build.0 = Release|x64
		{FC2A23C9-4277-44E5-8C5C-F2EB7DF063B4}.Release|x86.ActiveCfg = Release|Win32
		{FC2A23C9-4277-44E5-8C5C-F2EB7DF063B4}.Release|x86.Build.0 = Release|Win32
		{697EABDC-DE78-4627-B131-77A8C6C3599B}.Debug|x64.ActiveCfg = Debug|x64
		{697EABDC-DE78-4627-B131-77A8C6C3599B}.Debug|x64.Build.0 = Debug|x64
		{697EABDC-DE78-4627-B131-77A8C6C3599B}.Debug|x86.ActiveCfg = Debug|Win32
		{697EABDC-DE78-4627-B131-77A8C6C3599B}.Debug|x86.Build.0 = Debug|Win32
		{697EABDC-DE78-4627-B131-77A8C6C3599B}.Release|x64.ActiveCfg = Release|x64
		{697EABDC-DE78-4627-B131-77A8C6C3599B}.Release|x64.Build.0 = Release|x64
		{697EABDC-DE78-4627-B131-77A8C6C3599B}.Release|x86.ActiveCfg = Release|Win32
		{697EABDC-DE78-4627-B131-77A8C6C3599B}.Release|x86.Build.0 = Release|Win32
		{FEAC04FA-4CBD-40DF-92B7-286AA126F13C}.Debug|x64.ActiveCfg = Debug|x64
		{FEAC04FA-4CBD-40DF-92B7-286AA126F13C}.Debug|x64.Build.0 = Debug|x64
		{FEAC04FA-4CBD-40DF-92B7-286AA126F13C}.Debug|x86.ActiveCfg = Debug|Win32
		{FEAC04FA-4CBD-40DF-92B7-286AA126F13C}.Debug|x86.Build.0 = Debug|Win32
		{FEAC04FA-4CBD-40DF-92B7-286AA126F13C}.Release|x64.ActiveCfg = Release|x64
		{FEAC04FA-4CBD-40DF-92B7-286AA126F13C}.Release|x64.Build.0 = Release|x64
		{FEAC04FA-4CBD-40DF-92B7-286AA126F13C}.Release|x86.ActiveCfg = Release|Win32
		{FEAC04FA-4CBD-40DF-92B7-286AA126F13C}.Release|x86.Build.0 = Release|Win32
		{6D82ECC1-4474-4C47-B440-9CF276C9AE2D}.Debug|x64.ActiveCfg = Debug|x64
		{6D82ECC1-4474-4C47-B440-9CF276C9AE2D}.Debug|x64.Build.0 = Debug|x64
		{6D82ECC1-4474-4C47-B440-9CF276C9AE2D}.Debug|x86.ActiveCfg = Debug|Win32
		{6D82ECC1-4474-4C47-B440-9CF276C9AE2D}.Debug|x86.Build.0 = Debug|Win32
		{6D82ECC1-4474-4C47-B440-9CF276C9AE2D}.Release|x64.ActiveCfg = Release|x64
		{6D82ECC1-4474-4C47-B440-9CF276C9AE2D}.Release|x64.Build.0 = Release|x64
		{6D82ECC1-4474-4C47-B440-9CF276C9AE2D}.Release|x86.ActiveCfg = Release|Win32
		{6D82ECC1-4474-4C47-B440-9CF276C9AE2D}.Release|x86.Build.0 = Release|Win32
		{EB7375DF-3310-4379-A5A3-A7D38F7695AC}.Debug|x64.ActiveCfg = Debug|x64
		{EB7375DF-3310-4379-A5A3-A7D38F7695AC}.Debug|x64.Build.0 = Debug|x64
		{EB7375DF-3310-4379-A5A3-A7D38F7695AC}.Debug|x86.ActiveCfg = Debug|Win32
		{EB7375DF-3310-4379-A5A3-A7D38F7695AC}.Debug|x86.Build.0 = Debug|Win32
		{EB7375DF-3310-4379-A5A3-A7D38F7695AC}.Release|x64.ActiveCfg = Release|x64
		{EB7375DF-3310-4379-A5A3-A7D38F7695AC}.Release|x64.Build.0 = Release|x64
		{EB7375DF-3310-4379-A5A3-A7D38F7695AC}.Release|x86.ActiveCfg = Release|Win32
		{EB7375DF-3310-4379-A5A3-A7D38F7695AC}.Release|x86.Build.0 = Release|Win32
		{C979E2EE-A43F-4E2A-BE8A-29E19FF67EF9}.Debug|x64.ActiveCfg = Debug|x64
		{C979E2EE-A43F-4E2A-BE8A-29E19FF67EF9}.Debug|x64.Build.0 = Debug|x64
		{C979E2EE-A43F-4E2A-BE8A-29E19FF67EF9}.Debug|x86.ActiveCfg = Debug|Win32
		{C979E2EE-A43F-4E2A-BE8A-29E19FF67EF9}.Debug|x86.Build.0 = Debug|Win32
		{C979E2EE-A43F-4E2A-BE8A-29E19FF67EF9}.Release|x64.ActiveCfg = Release|x64
		{C979E2EE-A43F-4E2A-BE8A-29E19FF67EF9}.Release|x64.Build.0 = Release|x64
		{C979E2EE-A43F-4E2A-BE8A-29E19FF67EF9}.Release|x86.ActiveCfg = Release|Win32
		{C979E2EE-A43F-4E2A-BE8A-29E19FF67EF9}.Release|x86.Build.0 = Release|Win32
		{99D44206-CBCA-426D-BFB1-52C5F5941EC5}.Debug|x64.ActiveCfg = Debug|x64
		{99D44206-CBCA-426D-BFB1-52C5F5941EC5}.Debug|x64.Build.0 = Debug|x64
		{99D44206-CBCA-426D-BFB1-52C5F5941EC5}.Debug|x86.ActiveCfg = Debug|Win32
		{99D44206-CBCA-426D-BFB1-52C5F5941EC5}.Debug|x86.Build.0 = Debug|Win32
		{99D44206-CBCA-426D-BFB1-52C5F5941EC5}.Release|x64.ActiveCfg = Release|x64
		{99D44206-CBCA-426D-BFB1-52C5F5941EC5}.Release|x64.Build.0 = Release|x64
		{99D44206-CBCA-426D-BFB1-52C5F5941EC5}.Release|x86.ActiveCfg = Release|Win32
		{99D44206-CBCA-426D-BFB1-52C5F5941EC5}.Release|x86.Build.0 = Release|Win32
		{84FE5539-ADDB-4EA2-B0F9-A4AB77CC240E}.Debug|x64.ActiveCfg = Debug|x64
		{84FE5539-ADDB-4EA2-B0F9-A4AB77CC240E}.Debug|x64.Build.0 = Debug|x64
		{84FE5539-ADDB-4EA2-B0F9-A4AB77CC240E}.Debug|x86.ActiveCfg = Debug|Win32
		{84FE5539-ADDB-4EA2-B0F9-A4AB77CC240E}.Debug|x86.Build.0 = Debug|Win32
		{84FE5539-ADDB-4EA2-B0F9-A4AB77CC240E}.Release|x64.ActiveCfg = Release|x64
		{84FE5539-ADDB-4EA2-B0F9-A4AB77CC240E}.Release|x64.Build.0 = Release|x64
		{84FE5539-ADDB-4EA2-B0F9-A4AB77CC240E}.Release|x86.ActiveCfg = Release|Win32
		{84FE5539-ADDB-4EA2-B0F9-A4AB77CC240E}.Release|x86.Build.0 = Release|Win32
	EndGlobalSection
	GlobalSection(SolutionProperties) = preSolution
		HideSolutionNode = FALSE
	EndGlobalSection
	GlobalSection(ExtensibilityGlobals) = postSolution
		SolutionGuid = {6DF182E6-9373-4AC7-96C1-188EF969E4E6}
	EndGlobalSection
EndGlobal
