
Microsoft Visual Studio Solution File, Format Version 12.00
# Visual Studio Version 17
VisualStudioVersion = 17.6.33717.318
MinimumVisualStudioVersion = 10.0.40219.1
Project("{8BC9CEB8-8B4A-11D0-8D11-00A0C91BC942}") = "step1", "step1\step1.vcxproj", "{412792A1-B31F-4907-BFC6-753A904D2F0B}"
EndProject
Project("{8BC9CEB8-8B4A-11D0-8D11-00A0C91BC942}") = "step2", "step2\step2.vcxproj", "{10754D7C-38CD-4D05-BD9F-B779CB961BD8}"
EndProject
Project("{8BC9CEB8-8B4A-11D0-8D11-00A0C91BC942}") = "step3", "step3\step3.vcxproj", "{C2DDB567-4CE8-43AA-97D3-ABCB04730821}"
EndProject
Project("{8BC9CEB8-8B4A-11D0-8D11-00A0C91BC942}") = "step4", "step4\step4.vcxproj", "{0814EED0-5068-4AD2-82D7-4B696DA952FC}"
EndProject
Project("{8BC9CEB8-8B4A-11D0-8D11-00A0C91BC942}") = "step5", "step5\step5.vcxproj", "{401E5907-EEB9-40FC-9AF1-41304E73B0FD}"
EndProject
Project("{8BC9CEB8-8B4A-11D0-8D11-00A0C91BC942}") = "step6", "step6\step6.vcxproj", "{5A7CB8EA-EB93-4F36-8781-66A6107E14BC}"
EndProject
Project("{8BC9CEB8-8B4A-11D0-8D11-00A0C91BC942}") = "step7", "step7\step7.vcxproj", "{11A656C4-A84F-4F2F-B325-F44F776CA48F}"
EndProject
Project("{8BC9CEB8-8B4A-11D0-8D11-00A0C91BC942}") = "step8", "step8\step8.vcxproj", "{D3527089-1C54-4382-BC33-84BDA7F89E8F}"
EndProject
Project("{8BC9CEB8-8B4A-11D0-8D11-00A0C91BC942}") = "step9", "step9\step9.vcxproj", "{737C6E05-110A-4CA9-BD18-B15EAD05D0C8}"
EndProject
Project("{8BC9CEB8-8B4A-11D0-8D11-00A0C91BC942}") = "step10", "step10\step10.vcxproj", "{1E1F428D-9A27-42D9-84CB-ED357C1514B8}"
EndProject
Project("{8BC9CEB8-8B4A-11D0-8D11-00A0C91BC942}") = "step11", "step11\step11.vcxproj", "{9C94748B-F0C2-4E43-B932-065008CF4603}"
EndProject
Project("{8BC9CEB8-8B4A-11D0-8D11-00A0C91BC942}") = "step12", "step12\step12.vcxproj", "{55956D17-554E-4955-B9E6-739642D7C735}"
EndProject
Global
	GlobalSection(SolutionConfigurationPlatforms) = preSolution
		Debug|x64 = Debug|x64
		Debug|x86 = Debug|x86
		Release|x64 = Release|x64
		Release|x86 = Release|x86
	EndGlobalSection
	GlobalSection(ProjectConfigurationPlatforms) = postSolution
		{412792A1-B31F-4907-BFC6-753A904D2F0B}.Debug|x64.ActiveCfg = Debug|x64
		{412792A1-B31F-4907-BFC6-753A904D2F0B}.Debug|x64.Build.0 = Debug|x64
		{412792A1-B31F-4907-BFC6-753A904D2F0B}.Debug|x86.ActiveCfg = Debug|Win32
		{412792A1-B31F-4907-BFC6-753A904D2F0B}.Debug|x86.Build.0 = Debug|Win32
		{412792A1-B31F-4907-BFC6-753A904D2F0B}.Release|x64.ActiveCfg = Release|x64
		{412792A1-B31F-4907-BFC6-753A904D2F0B}.Release|x64.Build.0 = Release|x64
		{412792A1-B31F-4907-BFC6-753A904D2F0B}.Release|x86.ActiveCfg = Release|Win32
		{412792A1-B31F-4907-BFC6-753A904D2F0B}.Release|x86.Build.0 = Release|Win32
		{10754D7C-38CD-4D05-BD9F-B779CB961BD8}.Debug|x64.ActiveCfg = Debug|x64
		{10754D7C-38CD-4D05-BD9F-B779CB961BD8}.Debug|x64.Build.0 = Debug|x64
		{10754D7C-38CD-4D05-BD9F-B779CB961BD8}.Debug|x86.ActiveCfg = Debug|Win32
		{10754D7C-38CD-4D05-BD9F-B779CB961BD8}.Debug|x86.Build.0 = Debug|Win32
		{10754D7C-38CD-4D05-BD9F-B779CB961BD8}.Release|x64.ActiveCfg = Release|x64
		{10754D7C-38CD-4D05-BD9F-B779CB961BD8}.Release|x64.Build.0 = Release|x64
		{10754D7C-38CD-4D05-BD9F-B779CB961BD8}.Release|x86.ActiveCfg = Release|Win32
		{10754D7C-38CD-4D05-BD9F-B779CB961BD8}.Release|x86.Build.0 = Release|Win32
		{C2DDB567-4CE8-43AA-97D3-ABCB04730821}.Debug|x64.ActiveCfg = Debug|x64
		{C2DDB567-4CE8-43AA-97D3-ABCB04730821}.Debug|x64.Build.0 = Debug|x64
		{C2DDB567-4CE8-43AA-97D3-ABCB04730821}.Debug|x86.ActiveCfg = Debug|Win32
		{C2DDB567-4CE8-43AA-97D3-ABCB04730821}.Debug|x86.Build.0 = Debug|Win32
		{C2DDB567-4CE8-43AA-97D3-ABCB04730821}.Release|x64.ActiveCfg = Release|x64
		{C2DDB567-4CE8-43AA-97D3-ABCB04730821}.Release|x64.Build.0 = Release|x64
		{C2DDB567-4CE8-43AA-97D3-ABCB04730821}.Release|x86.ActiveCfg = Release|Win32
		{C2DDB567-4CE8-43AA-97D3-ABCB04730821}.Release|x86.Build.0 = Release|Win32
		{0814EED0-5068-4AD2-82D7-4B696DA952FC}.Debug|x64.ActiveCfg = Debug|x64
		{0814EED0-5068-4AD2-82D7-4B696DA952FC}.Debug|x64.Build.0 = Debug|x64
		{0814EED0-5068-4AD2-82D7-4B696DA952FC}.Debug|x86.ActiveCfg = Debug|Win32
		{0814EED0-5068-4AD2-82D7-4B696DA952FC}.Debug|x86.Build.0 = Debug|Win32
		{0814EED0-5068-4AD2-82D7-4B696DA952FC}.Release|x64.ActiveCfg = Release|x64
		{0814EED0-5068-4AD2-82D7-4B696DA952FC}.Release|x64.Build.0 = Release|x64
		{0814EED0-5068-4AD2-82D7-4B696DA952FC}.Release|x86.ActiveCfg = Release|Win32
		{0814EED0-5068-4AD2-82D7-4B696DA952FC}.Release|x86.Build.0 = Release|Win32
		{401E5907-EEB9-40FC-9AF1-41304E73B0FD}.Debug|x64.ActiveCfg = Debug|x64
		{401E5907-EEB9-40FC-9AF1-41304E73B0FD}.Debug|x64.Build.0 = Debug|x64
		{401E5907-EEB9-40FC-9AF1-41304E73B0FD}.Debug|x86.ActiveCfg = Debug|Win32
		{401E5907-EEB9-40FC-9AF1-41304E73B0FD}.Debug|x86.Build.0 = Debug|Win32
		{401E5907-EEB9-40FC-9AF1-41304E73B0FD}.Release|x64.ActiveCfg = Release|x64
		{401E5907-EEB9-40FC-9AF1-41304E73B0FD}.Release|x64.Build.0 = Release|x64
		{401E5907-EEB9-40FC-9AF1-41304E73B0FD}.Release|x86.ActiveCfg = Release|Win32
		{401E5907-EEB9-40FC-9AF1-41304E73B0FD}.Release|x86.Build.0 = Release|Win32
		{5A7CB8EA-EB93-4F36-8781-66A6107E14BC}.Debug|x64.ActiveCfg = Debug|x64
		{5A7CB8EA-EB93-4F36-8781-66A6107E14BC}.Debug|x64.Build.0 = Debug|x64
		{5A7CB8EA-EB93-4F36-8781-66A6107E14BC}.Debug|x86.ActiveCfg = Debug|Win32
		{5A7CB8EA-EB93-4F36-8781-66A6107E14BC}.Debug|x86.Build.0 = Debug|Win32
		{5A7CB8EA-EB93-4F36-8781-66A6107E14BC}.Release|x64.ActiveCfg = Release|x64
		{5A7CB8EA-EB93-4F36-8781-66A6107E14BC}.Release|x64.Build.0 = Release|x64
		{5A7CB8EA-EB93-4F36-8781-66A6107E14BC}.Release|x86.ActiveCfg = Release|Win32
		{5A7CB8EA-EB93-4F36-8781-66A6107E14BC}.Release|x86.Build.0 = Release|Win32
		{11A656C4-A84F-4F2F-B325-F44F776CA48F}.Debug|x64.ActiveCfg = Debug|x64
		{11A656C4-A84F-4F2F-B325-F44F776CA48F}.Debug|x64.Build.0 = Debug|x64
		{11A656C4-A84F-4F2F-B325-F44F776CA48F}.Debug|x86.ActiveCfg = Debug|Win32
		{11A656C4-A84F-4F2F-B325-F44F776CA48F}.Debug|x86.Build.0 = Debug|Win32
		{11A656C4-A84F-4F2F-B325-F44F776CA48F}.Release|x64.ActiveCfg = Release|x64
		{11A656C4-A84F-4F2F-B325-F44F776CA48F}.Release|x64.Build.0 = Release|x64
		{11A656C4-A84F-4F2F-B325-F44F776CA48F}.Release|x86.ActiveCfg = Release|Win32
		{11A656C4-A84F-4F2F-B325-F44F776CA48F}.Release|x86.Build.0 = Release|Win32
		{D3527089-1C54-4382-BC33-84BDA7F89E8F}.Debug|x64.ActiveCfg = Debug|x64
		{D3527089-1C54-4382-BC33-84BDA7F89E8F}.Debug|x64.Build.0 = Debug|x64
		{D3527089-1C54-4382-BC33-84BDA7F89E8F}.Debug|x86.ActiveCfg = Debug|Win32
		{D3527089-1C54-4382-BC33-84BDA7F89E8F}.Debug|x86.Build.0 = Debug|Win32
		{D3527089-1C54-4382-BC33-84BDA7F89E8F}.Release|x64.ActiveCfg = Release|x64
		{D3527089-1C54-4382-BC33-84BDA7F89E8F}.Release|x64.Build.0 = Release|x64
		{D3527089-1C54-4382-BC33-84BDA7F89E8F}.Release|x86.ActiveCfg = Release|Win32
		{D3527089-1C54-4382-BC33-84BDA7F89E8F}.Release|x86.Build.0 = Release|Win32
		{737C6E05-110A-4CA9-BD18-B15EAD05D0C8}.Debug|x64.ActiveCfg = Debug|x64
		{737C6E05-110A-4CA9-BD18-B15EAD05D0C8}.Debug|x64.Build.0 = Debug|x64
		{737C6E05-110A-4CA9-BD18-B15EAD05D0C8}.Debug|x86.ActiveCfg = Debug|Win32
		{737C6E05-110A-4CA9-BD18-B15EAD05D0C8}.Debug|x86.Build.0 = Debug|Win32
		{737C6E05-110A-4CA9-BD18-B15EAD05D0C8}.Release|x64.ActiveCfg = Release|x64
		{737C6E05-110A-4CA9-BD18-B15EAD05D0C8}.Release|x64.Build.0 = Release|x64
		{737C6E05-110A-4CA9-BD18-B15EAD05D0C8}.Release|x86.ActiveCfg = Release|Win32
		{737C6E05-110A-4CA9-BD18-B15EAD05D0C8}.Release|x86.Build.0 = Release|Win32
		{1E1F428D-9A27-42D9-84CB-ED357C1514B8}.Debug|x64.ActiveCfg = Debug|x64
		{1E1F428D-9A27-42D9-84CB-ED357C1514B8}.Debug|x64.Build.0 = Debug|x64
		{1E1F428D-9A27-42D9-84CB-ED357C1514B8}.Debug|x86.ActiveCfg = Debug|Win32
		{1E1F428D-9A27-42D9-84CB-ED357C1514B8}.Debug|x86.Build.0 = Debug|Win32
		{1E1F428D-9A27-42D9-84CB-ED357C1514B8}.Release|x64.ActiveCfg = Release|x64
		{1E1F428D-9A27-42D9-84CB-ED357C1514B8}.Release|x64.Build.0 = Release|x64
		{1E1F428D-9A27-42D9-84CB-ED357C1514B8}.Release|x86.ActiveCfg = Release|Win32
		{1E1F428D-9A27-42D9-84CB-ED357C1514B8}.Release|x86.Build.0 = Release|Win32
		{9C94748B-F0C2-4E43-B932-065008CF4603}.Debug|x64.ActiveCfg = Debug|x64
		{9C94748B-F0C2-4E43-B932-065008CF4603}.Debug|x64.Build.0 = Debug|x64
		{9C94748B-F0C2-4E43-B932-065008CF4603}.Debug|x86.ActiveCfg = Debug|Win32
		{9C94748B-F0C2-4E43-B932-065008CF4603}.Debug|x86.Build.0 = Debug|Win32
		{9C94748B-F0C2-4E43-B932-065008CF4603}.Release|x64.ActiveCfg = Release|x64
		{9C94748B-F0C2-4E43-B932-065008CF4603}.Release|x64.Build.0 = Release|x64
		{9C94748B-F0C2-4E43-B932-065008CF4603}.Release|x86.ActiveCfg = Release|Win32
		{9C94748B-F0C2-4E43-B932-065008CF4603}.Release|x86.Build.0 = Release|Win32
		{55956D17-554E-4955-B9E6-739642D7C735}.Debug|x64.ActiveCfg = Debug|x64
		{55956D17-554E-4955-B9E6-739642D7C735}.Debug|x64.Build.0 = Debug|x64
		{55956D17-554E-4955-B9E6-739642D7C735}.Debug|x86.ActiveCfg = Debug|Win32
		{55956D17-554E-4955-B9E6-739642D7C735}.Debug|x86.Build.0 = Debug|Win32
		{55956D17-554E-4955-B9E6-739642D7C735}.Release|x64.ActiveCfg = Release|x64
		{55956D17-554E-4955-B9E6-739642D7C735}.Release|x64.Build.0 = Release|x64
		{55956D17-554E-4955-B9E6-739642D7C735}.Release|x86.ActiveCfg = Release|Win32
		{55956D17-554E-4955-B9E6-739642D7C735}.Release|x86.Build.0 = Release|Win32
	EndGlobalSection
	GlobalSection(SolutionProperties) = preSolution
		HideSolutionNode = FALSE
	EndGlobalSection
	GlobalSection(ExtensibilityGlobals) = postSolution
		SolutionGuid = {6DF182E6-9373-4AC7-96C1-188EF969E4E6}
	EndGlobalSection
EndGlobal
